
Microsoft Visual Studio Solution File, Format Version 12.00
# Visual Studio Version 16
VisualStudioVersion = 16.0.31112.23
MinimumVisualStudioVersion = 10.0.40219.1
Project("{FAE04EC0-301F-11D3-BF4B-00C04F79EFBC}") = "WebMoney.Cryptography", "WebMoney.Cryptography\WebMoney.Cryptography.csproj", "{1414DF31-C9C1-4CDF-9102-A3B533E18253}"
EndProject
Project("{FAE04EC0-301F-11D3-BF4B-00C04F79EFBC}") = "WebMoney.Cryptography.Tests", "WebMoney.Cryptography.Tests\WebMoney.Cryptography.Tests.csproj", "{AE8D444B-76B1-4AE5-AF54-844413830843}"
EndProject
Global
	GlobalSection(SolutionConfigurationPlatforms) = preSolution
		Debug|Any CPU = Debug|Any CPU
		Release|Any CPU = Release|Any CPU
	EndGlobalSection
	GlobalSection(ProjectConfigurationPlatforms) = postSolution
		{1414DF31-C9C1-4CDF-9102-A3B533E18253}.Debug|Any CPU.ActiveCfg = Debug|Any CPU
		{1414DF31-C9C1-4CDF-9102-A3B533E18253}.Debug|Any CPU.Build.0 = Debug|Any CPU
		{1414DF31-C9C1-4CDF-9102-A3B533E18253}.Release|Any CPU.ActiveCfg = Release|Any CPU
		{1414DF31-C9C1-4CDF-9102-A3B533E18253}.Release|Any CPU.Build.0 = Release|Any CPU
		{AE8D444B-76B1-4AE5-AF54-844413830843}.Debug|Any CPU.ActiveCfg = Debug|Any CPU
		{AE8D444B-76B1-4AE5-AF54-844413830843}.Debug|Any CPU.Build.0 = Debug|Any CPU
		{AE8D444B-76B1-4AE5-AF54-844413830843}.Release|Any CPU.ActiveCfg = Release|Any CPU
		{AE8D444B-76B1-4AE5-AF54-844413830843}.Release|Any CPU.Build.0 = Release|Any CPU
	EndGlobalSection
	GlobalSection(SolutionProperties) = preSolution
		HideSolutionNode = FALSE
	EndGlobalSection
	GlobalSection(ExtensibilityGlobals) = postSolution
		SolutionGuid = {CD02A338-A615-4261-8730-2D7601AD5627}
	EndGlobalSection
EndGlobal
