
Microsoft Visual Studio Solution File, Format Version 12.00
# Visual Studio Version 16
VisualStudioVersion = 16.0.31112.23
MinimumVisualStudioVersion = 10.0.40219.1
Project("{FAE04EC0-301F-11D3-BF4B-00C04F79EFBC}") = "WebMoney.KeyExtractor", "WebMoney.KeyExtractor\WebMoney.KeyExtractor.csproj", "{4A2DA302-715C-44E1-90AC-39EBA9D25A2A}"
EndProject
Global
	GlobalSection(SolutionConfigurationPlatforms) = preSolution
		Debug|Any CPU = Debug|Any CPU
		Release|Any CPU = Release|Any CPU
	EndGlobalSection
	GlobalSection(ProjectConfigurationPlatforms) = postSolution
		{4A2DA302-715C-44E1-90AC-39EBA9D25A2A}.Debug|Any CPU.ActiveCfg = Debug|Any CPU
		{4A2DA302-715C-44E1-90AC-39EBA9D25A2A}.Debug|Any CPU.Build.0 = Debug|Any CPU
		{4A2DA302-715C-44E1-90AC-39EBA9D25A2A}.Release|Any CPU.ActiveCfg = Release|Any CPU
		{4A2DA302-715C-44E1-90AC-39EBA9D25A2A}.Release|Any CPU.Build.0 = Release|Any CPU
	EndGlobalSection
	GlobalSection(SolutionProperties) = preSolution
		HideSolutionNode = FALSE
	EndGlobalSection
	GlobalSection(ExtensibilityGlobals) = postSolution
		SolutionGuid = {31676134-D677-4B9E-85FE-E43E407B18C5}
	EndGlobalSection
EndGlobal
